
Microsoft Visual Studio Solution File, Format Version 12.00
# Visual Studio Version 16
VisualStudioVersion = 16.0.31005.135
MinimumVisualStudioVersion = 10.0.40219.1
Project("{FAE04EC0-301F-11D3-BF4B-00C04F79EFBC}") = "lesson3", "lesson3\lesson3.csproj", "{626161C5-CAFE-453B-A100-3B608DC227C2}"
EndProject
Global
	GlobalSection(SolutionConfigurationPlatforms) = preSolution
		Debug|Any CPU = Debug|Any CPU
		Release|Any CPU = Release|Any CPU
	EndGlobalSection
	GlobalSection(ProjectConfigurationPlatforms) = postSolution
		{626161C5-CAFE-453B-A100-3B608DC227C2}.Debug|Any CPU.ActiveCfg = Debug|Any CPU
		{626161C5-CAFE-453B-A100-3B608DC227C2}.Debug|Any CPU.Build.0 = Debug|Any CPU
		{626161C5-CAFE-453B-A100-3B608DC227C2}.Release|Any CPU.ActiveCfg = Release|Any CPU
		{626161C5-CAFE-453B-A100-3B608DC227C2}.Release|Any CPU.Build.0 = Release|Any CPU
	EndGlobalSection
	GlobalSection(SolutionProperties) = preSolution
		HideSolutionNode = FALSE
	EndGlobalSection
	GlobalSection(ExtensibilityGlobals) = postSolution
		SolutionGuid = {B61A4673-D076-42D8-B740-F05AB2377F2F}
	EndGlobalSection
EndGlobal
